{
  "lockfileVersion": 1,
  "workspaces": {
    "": {
      "name": "link-in-bio",
      "devDependencies": {
        "prettier": "^3.6.2",
        "prettier-plugin-svelte": "^3.4.0",
        "prettier-plugin-tailwindcss": "^0.6.14",
        "turbo": "^2.5.6",
      },
    },
    "apps/api": {
      "name": "api",
      "dependencies": {
        "hono": "catalog:",
        "hono-pino": "^0.10.2",
      },
      "devDependencies": {
        "@hono/vite-build": "^1.7.0",
        "@hono/vite-dev-server": "^0.20.1",
        "@repo/logger": "workspace:*",
        "@types/bun": "latest",
        "bunup": "catalog:",
        "vite": "^7.1.3",
      },
      "peerDependencies": {
        "typescript": "catalog:",
      },
    },
    "packages/logger": {
      "name": "@repo/logger",
      "dependencies": {
        "pino": "^9.9.0",
        "pino-pretty": "^13.1.1",
      },
      "devDependencies": {
        "@types/bun": "latest",
        "bunup": "catalog:",
      },
      "peerDependencies": {
        "typescript": "^5",
      },
    },
  },
  "catalog": {
    "bunup": "^0.9.3",
    "hono": "^4.9.1",
    "typescript": "^5",
  },
  "packages": {
    "@babel/helper-string-parser": ["@babel/helper-string-parser@7.27.1", "", {}, "sha512-qMlSxKbpRlAridDExk92nSobyDdpPijUq2DW6oDnUqd0iOGxmQjyqhMIihI9+zv4LPyZdRje2cavWPbCbWm3eA=="],

    "@babel/helper-validator-identifier": ["@babel/helper-validator-identifier@7.27.1", "", {}, "sha512-D2hP9eA+Sqx1kBZgzxZh0y1trbuU+JoDkiEwqhQ36nodYqJwyEIhPSdMNd7lOm/4io72luTPWH20Yda0xOuUow=="],

    "@babel/parser": ["@babel/parser@7.28.3", "", { "dependencies": { "@babel/types": "^7.28.2" }, "bin": "./bin/babel-parser.js" }, "sha512-7+Ey1mAgYqFAx2h0RuoxcQT5+MlG3GTV0TQrgr7/ZliKsm/MNDxVVutlWaziMq7wJNAz8MTqz55XLpWvva6StA=="],

    "@babel/types": ["@babel/types@7.28.2", "", { "dependencies": { "@babel/helper-string-parser": "^7.27.1", "@babel/helper-validator-identifier": "^7.27.1" } }, "sha512-ruv7Ae4J5dUYULmeXw1gmb7rYRz57OWCPM57pHojnLq/3Z1CK2lNSLTCVjxVk1F/TZHwOZZrOWi0ur95BbLxNQ=="],

    "@emnapi/core": ["@emnapi/core@1.4.5", "", { "dependencies": { "@emnapi/wasi-threads": "1.0.4", "tslib": "^2.4.0" } }, "sha512-XsLw1dEOpkSX/WucdqUhPWP7hDxSvZiY+fsUC14h+FtQ2Ifni4znbBt8punRX+Uj2JG/uDb8nEHVKvrVlvdZ5Q=="],

    "@emnapi/runtime": ["@emnapi/runtime@1.4.5", "", { "dependencies": { "tslib": "^2.4.0" } }, "sha512-++LApOtY0pEEz1zrd9vy1/zXVaVJJ/EbAF3u0fXIzPJEDtnITsBGbbK0EkM72amhl/R5b+5xx0Y/QhcVOpuulg=="],

    "@emnapi/wasi-threads": ["@emnapi/wasi-threads@1.0.4", "", { "dependencies": { "tslib": "^2.4.0" } }, "sha512-PJR+bOmMOPH8AtcTGAyYNiuJ3/Fcoj2XN/gBEWzDIKh254XO+mM9XoXHk5GNEhodxeMznbg7BlRojVbKN+gC6g=="],

    "@esbuild/aix-ppc64": ["@esbuild/aix-ppc64@0.25.9", "", { "os": "aix", "cpu": "ppc64" }, "sha512-OaGtL73Jck6pBKjNIe24BnFE6agGl+6KxDtTfHhy1HmhthfKouEcOhqpSL64K4/0WCtbKFLOdzD/44cJ4k9opA=="],

    "@esbuild/android-arm": ["@esbuild/android-arm@0.25.9", "", { "os": "android", "cpu": "arm" }, "sha512-5WNI1DaMtxQ7t7B6xa572XMXpHAaI/9Hnhk8lcxF4zVN4xstUgTlvuGDorBguKEnZO70qwEcLpfifMLoxiPqHQ=="],

    "@esbuild/android-arm64": ["@esbuild/android-arm64@0.25.9", "", { "os": "android", "cpu": "arm64" }, "sha512-IDrddSmpSv51ftWslJMvl3Q2ZT98fUSL2/rlUXuVqRXHCs5EUF1/f+jbjF5+NG9UffUDMCiTyh8iec7u8RlTLg=="],

    "@esbuild/android-x64": ["@esbuild/android-x64@0.25.9", "", { "os": "android", "cpu": "x64" }, "sha512-I853iMZ1hWZdNllhVZKm34f4wErd4lMyeV7BLzEExGEIZYsOzqDWDf+y082izYUE8gtJnYHdeDpN/6tUdwvfiw=="],

    "@esbuild/darwin-arm64": ["@esbuild/darwin-arm64@0.25.9", "", { "os": "darwin", "cpu": "arm64" }, "sha512-XIpIDMAjOELi/9PB30vEbVMs3GV1v2zkkPnuyRRURbhqjyzIINwj+nbQATh4H9GxUgH1kFsEyQMxwiLFKUS6Rg=="],

    "@esbuild/darwin-x64": ["@esbuild/darwin-x64@0.25.9", "", { "os": "darwin", "cpu": "x64" }, "sha512-jhHfBzjYTA1IQu8VyrjCX4ApJDnH+ez+IYVEoJHeqJm9VhG9Dh2BYaJritkYK3vMaXrf7Ogr/0MQ8/MeIefsPQ=="],

    "@esbuild/freebsd-arm64": ["@esbuild/freebsd-arm64@0.25.9", "", { "os": "freebsd", "cpu": "arm64" }, "sha512-z93DmbnY6fX9+KdD4Ue/H6sYs+bhFQJNCPZsi4XWJoYblUqT06MQUdBCpcSfuiN72AbqeBFu5LVQTjfXDE2A6Q=="],

    "@esbuild/freebsd-x64": ["@esbuild/freebsd-x64@0.25.9", "", { "os": "freebsd", "cpu": "x64" }, "sha512-mrKX6H/vOyo5v71YfXWJxLVxgy1kyt1MQaD8wZJgJfG4gq4DpQGpgTB74e5yBeQdyMTbgxp0YtNj7NuHN0PoZg=="],

    "@esbuild/linux-arm": ["@esbuild/linux-arm@0.25.9", "", { "os": "linux", "cpu": "arm" }, "sha512-HBU2Xv78SMgaydBmdor38lg8YDnFKSARg1Q6AT0/y2ezUAKiZvc211RDFHlEZRFNRVhcMamiToo7bDx3VEOYQw=="],

    "@esbuild/linux-arm64": ["@esbuild/linux-arm64@0.25.9", "", { "os": "linux", "cpu": "arm64" }, "sha512-BlB7bIcLT3G26urh5Dmse7fiLmLXnRlopw4s8DalgZ8ef79Jj4aUcYbk90g8iCa2467HX8SAIidbL7gsqXHdRw=="],

    "@esbuild/linux-ia32": ["@esbuild/linux-ia32@0.25.9", "", { "os": "linux", "cpu": "ia32" }, "sha512-e7S3MOJPZGp2QW6AK6+Ly81rC7oOSerQ+P8L0ta4FhVi+/j/v2yZzx5CqqDaWjtPFfYz21Vi1S0auHrap3Ma3A=="],

    "@esbuild/linux-loong64": ["@esbuild/linux-loong64@0.25.9", "", { "os": "linux", "cpu": "none" }, "sha512-Sbe10Bnn0oUAB2AalYztvGcK+o6YFFA/9829PhOCUS9vkJElXGdphz0A3DbMdP8gmKkqPmPcMJmJOrI3VYB1JQ=="],

    "@esbuild/linux-mips64el": ["@esbuild/linux-mips64el@0.25.9", "", { "os": "linux", "cpu": "none" }, "sha512-YcM5br0mVyZw2jcQeLIkhWtKPeVfAerES5PvOzaDxVtIyZ2NUBZKNLjC5z3/fUlDgT6w89VsxP2qzNipOaaDyA=="],

    "@esbuild/linux-ppc64": ["@esbuild/linux-ppc64@0.25.9", "", { "os": "linux", "cpu": "ppc64" }, "sha512-++0HQvasdo20JytyDpFvQtNrEsAgNG2CY1CLMwGXfFTKGBGQT3bOeLSYE2l1fYdvML5KUuwn9Z8L1EWe2tzs1w=="],

    "@esbuild/linux-riscv64": ["@esbuild/linux-riscv64@0.25.9", "", { "os": "linux", "cpu": "none" }, "sha512-uNIBa279Y3fkjV+2cUjx36xkx7eSjb8IvnL01eXUKXez/CBHNRw5ekCGMPM0BcmqBxBcdgUWuUXmVWwm4CH9kg=="],

    "@esbuild/linux-s390x": ["@esbuild/linux-s390x@0.25.9", "", { "os": "linux", "cpu": "s390x" }, "sha512-Mfiphvp3MjC/lctb+7D287Xw1DGzqJPb/J2aHHcHxflUo+8tmN/6d4k6I2yFR7BVo5/g7x2Monq4+Yew0EHRIA=="],

    "@esbuild/linux-x64": ["@esbuild/linux-x64@0.25.9", "", { "os": "linux", "cpu": "x64" }, "sha512-iSwByxzRe48YVkmpbgoxVzn76BXjlYFXC7NvLYq+b+kDjyyk30J0JY47DIn8z1MO3K0oSl9fZoRmZPQI4Hklzg=="],

    "@esbuild/netbsd-arm64": ["@esbuild/netbsd-arm64@0.25.9", "", { "os": "none", "cpu": "arm64" }, "sha512-9jNJl6FqaUG+COdQMjSCGW4QiMHH88xWbvZ+kRVblZsWrkXlABuGdFJ1E9L7HK+T0Yqd4akKNa/lO0+jDxQD4Q=="],

    "@esbuild/netbsd-x64": ["@esbuild/netbsd-x64@0.25.9", "", { "os": "none", "cpu": "x64" }, "sha512-RLLdkflmqRG8KanPGOU7Rpg829ZHu8nFy5Pqdi9U01VYtG9Y0zOG6Vr2z4/S+/3zIyOxiK6cCeYNWOFR9QP87g=="],

    "@esbuild/openbsd-arm64": ["@esbuild/openbsd-arm64@0.25.9", "", { "os": "openbsd", "cpu": "arm64" }, "sha512-YaFBlPGeDasft5IIM+CQAhJAqS3St3nJzDEgsgFixcfZeyGPCd6eJBWzke5piZuZ7CtL656eOSYKk4Ls2C0FRQ=="],

    "@esbuild/openbsd-x64": ["@esbuild/openbsd-x64@0.25.9", "", { "os": "openbsd", "cpu": "x64" }, "sha512-1MkgTCuvMGWuqVtAvkpkXFmtL8XhWy+j4jaSO2wxfJtilVCi0ZE37b8uOdMItIHz4I6z1bWWtEX4CJwcKYLcuA=="],

    "@esbuild/openharmony-arm64": ["@esbuild/openharmony-arm64@0.25.9", "", { "os": "none", "cpu": "arm64" }, "sha512-4Xd0xNiMVXKh6Fa7HEJQbrpP3m3DDn43jKxMjxLLRjWnRsfxjORYJlXPO4JNcXtOyfajXorRKY9NkOpTHptErg=="],

    "@esbuild/sunos-x64": ["@esbuild/sunos-x64@0.25.9", "", { "os": "sunos", "cpu": "x64" }, "sha512-WjH4s6hzo00nNezhp3wFIAfmGZ8U7KtrJNlFMRKxiI9mxEK1scOMAaa9i4crUtu+tBr+0IN6JCuAcSBJZfnphw=="],

    "@esbuild/win32-arm64": ["@esbuild/win32-arm64@0.25.9", "", { "os": "win32", "cpu": "arm64" }, "sha512-mGFrVJHmZiRqmP8xFOc6b84/7xa5y5YvR1x8djzXpJBSv/UsNK6aqec+6JDjConTgvvQefdGhFDAs2DLAds6gQ=="],

    "@esbuild/win32-ia32": ["@esbuild/win32-ia32@0.25.9", "", { "os": "win32", "cpu": "ia32" }, "sha512-b33gLVU2k11nVx1OhX3C8QQP6UHQK4ZtN56oFWvVXvz2VkDoe6fbG8TOgHFxEvqeqohmRnIHe5A1+HADk4OQww=="],

    "@esbuild/win32-x64": ["@esbuild/win32-x64@0.25.9", "", { "os": "win32", "cpu": "x64" }, "sha512-PPOl1mi6lpLNQxnGoyAfschAodRFYXJ+9fs6WHXz7CSWKbOqiMZsubC+BQsVKuul+3vKLuwTHsS2c2y9EoKwxQ=="],

    "@hono/node-server": ["@hono/node-server@1.19.0", "", { "peerDependencies": { "hono": "^4" } }, "sha512-1k8/8OHf5VIymJEcJyVksFpT+AQ5euY0VA5hUkCnlKpD4mr8FSbvXaHblxeTTEr90OaqWzAkQaqD80qHZQKxBA=="],

    "@hono/vite-build": ["@hono/vite-build@1.7.0", "", { "peerDependencies": { "hono": "*" } }, "sha512-L73WBed5teC7DHTzXYkho83POYYluD2rTkbT76FJuqpfXPgTW/PsbIa8O0YcCETE3VUoh584fe6vuLAM5ctjww=="],

    "@hono/vite-dev-server": ["@hono/vite-dev-server@0.20.1", "", { "dependencies": { "@hono/node-server": "^1.14.2", "minimatch": "^9.0.3" }, "peerDependencies": { "hono": "*", "miniflare": "*", "wrangler": "*" }, "optionalPeers": ["miniflare", "wrangler"] }, "sha512-wXikV0C5tPqwH6udA68VTsmnFKWGhIeBuhuxgdGDQIbVNbv5gD0vqKLhx4nG1o4dhksaWPiiSqZV58sTKUzNxA=="],

    "@jridgewell/gen-mapping": ["@jridgewell/gen-mapping@0.3.13", "", { "dependencies": { "@jridgewell/sourcemap-codec": "^1.5.0", "@jridgewell/trace-mapping": "^0.3.24" } }, "sha512-2kkt/7niJ6MgEPxF0bYdQ6etZaA+fQvDcLKckhy1yIQOzaoKjBBjSj63/aLVjYE3qhRt5dvM+uUyfCg6UKCBbA=="],

    "@jridgewell/remapping": ["@jridgewell/remapping@2.3.5", "", { "dependencies": { "@jridgewell/gen-mapping": "^0.3.5", "@jridgewell/trace-mapping": "^0.3.24" } }, "sha512-LI9u/+laYG4Ds1TDKSJW2YPrIlcVYOwi2fUC6xB43lueCjgxV4lffOCZCtYFiH6TNOX+tQKXx97T4IKHbhyHEQ=="],

    "@jridgewell/resolve-uri": ["@jridgewell/resolve-uri@3.1.2", "", {}, "sha512-bRISgCIjP20/tbWSPWMEi54QVPRZExkuD9lJL+UIxUKtwVJA8wW1Trb1jMs1RFXo1CBTNZ/5hpC9QvmKWdopKw=="],

    "@jridgewell/sourcemap-codec": ["@jridgewell/sourcemap-codec@1.5.5", "", {}, "sha512-cYQ9310grqxueWbl+WuIUIaiUaDcj7WOq5fVhEljNVgRfOUhY9fy2zTvfoqWsnebh8Sl70VScFbICvJnLKB0Og=="],

    "@jridgewell/trace-mapping": ["@jridgewell/trace-mapping@0.3.30", "", { "dependencies": { "@jridgewell/resolve-uri": "^3.1.0", "@jridgewell/sourcemap-codec": "^1.4.14" } }, "sha512-GQ7Nw5G2lTu/BtHTKfXhKHok2WGetd4XYcVKGx00SjAk8GMwgJM3zr6zORiPGuOE+/vkc90KtTosSSvaCjKb2Q=="],

    "@napi-rs/wasm-runtime": ["@napi-rs/wasm-runtime@1.0.3", "", { "dependencies": { "@emnapi/core": "^1.4.5", "@emnapi/runtime": "^1.4.5", "@tybys/wasm-util": "^0.10.0" } }, "sha512-rZxtMsLwjdXkMUGC3WwsPwLNVqVqnTJT6MNIB6e+5fhMcSCPP0AOsNWuMQ5mdCq6HNjs/ZeWAEchpqeprqBD2Q=="],

    "@oxc-minify/binding-android-arm64": ["@oxc-minify/binding-android-arm64@0.77.3", "", { "os": "android", "cpu": "arm64" }, "sha512-9bGiDHSkPr6eaP4+/2DQerG+V69Ut4mezL1JtBTk54Iyc6tNsoHa9s+3wJSUHesXEgiHd/IxwuSXRtD9yC3VhQ=="],

    "@oxc-minify/binding-darwin-arm64": ["@oxc-minify/binding-darwin-arm64@0.77.3", "", { "os": "darwin", "cpu": "arm64" }, "sha512-DcRuFK/W3VqIlS8Wvb9bwd5yX+QTlr2ds2f5HW52OPx4odFwyF3+dD6nj3kyxvxITtf6U3jjqyaZEkq+LSQ5RQ=="],

    "@oxc-minify/binding-darwin-x64": ["@oxc-minify/binding-darwin-x64@0.77.3", "", { "os": "darwin", "cpu": "x64" }, "sha512-ZOKwC0nRNKpDKZq+sbFTbzJbrGR+drhIx3jhaTzSFpTWyzs3m5PW0yB+bKhhrqnk1Y26jtNixykBNiyhuPhCxQ=="],

    "@oxc-minify/binding-freebsd-x64": ["@oxc-minify/binding-freebsd-x64@0.77.3", "", { "os": "freebsd", "cpu": "x64" }, "sha512-z2LgrCT0YjxNIZRTOBFY5/FnqGX9S5QvkC/yoYqfDDuest8T6feTN68xXWg6D8+vFJPukvKEGY1xGikybc33xA=="],

    "@oxc-minify/binding-linux-arm-gnueabihf": ["@oxc-minify/binding-linux-arm-gnueabihf@0.77.3", "", { "os": "linux", "cpu": "arm" }, "sha512-VdpPQk9Xuu6C+p2DprWAEhIyELBrZLAzipMxoRnmox/HlFigs+FIeEfklCMls3yMSLCu6wKTdMdWeRu+dLXEHg=="],

    "@oxc-minify/binding-linux-arm-musleabihf": ["@oxc-minify/binding-linux-arm-musleabihf@0.77.3", "", { "os": "linux", "cpu": "arm" }, "sha512-bhiPBIQKIxKtOSHgxYQiVeJ7CrfHWDZxaNFMf6ktDBmYBeD9lE9A356wDfgBPFkVOGV+juSPrnpu7qg2si/Q7Q=="],

    "@oxc-minify/binding-linux-arm64-gnu": ["@oxc-minify/binding-linux-arm64-gnu@0.77.3", "", { "os": "linux", "cpu": "arm64" }, "sha512-PYjFgTLCMxoa4yIgxVTNOltGk9nuPWTYZpDGEZu0he+0HC4iD86ZJIEl0mW0CaNaMU2np/7gAr+Izu3W71q+FQ=="],

    "@oxc-minify/binding-linux-arm64-musl": ["@oxc-minify/binding-linux-arm64-musl@0.77.3", "", { "os": "linux", "cpu": "arm64" }, "sha512-GWa6MyEIwrDfEruj9SmIi/eG0XyEPSSupbltCL2k/cYgb+aUl1lT3sJLbOlKZqBbTzpuouAd+CkDqz+8UH/0qA=="],

    "@oxc-minify/binding-linux-riscv64-gnu": ["@oxc-minify/binding-linux-riscv64-gnu@0.77.3", "", { "os": "linux", "cpu": "none" }, "sha512-Wj1h95rGfMMVu0NMBNzo56WaB+z/mBVFRF4ij4Dbf2oBy4o3qDe2Q5Doa5U5c1k/uJbsM1X/mV7vqqgkHdORBA=="],

    "@oxc-minify/binding-linux-s390x-gnu": ["@oxc-minify/binding-linux-s390x-gnu@0.77.3", "", { "os": "linux", "cpu": "s390x" }, "sha512-xTIGeZZoOfa7c4FU+1OcZTk73W/0YD2m3Zwg4p0Wtch+0Z6VRyu/7CENjBXpCRkWF4C8sgvl6d8ZKOzF5wU+Dw=="],

    "@oxc-minify/binding-linux-x64-gnu": ["@oxc-minify/binding-linux-x64-gnu@0.77.3", "", { "os": "linux", "cpu": "x64" }, "sha512-YkgfAVmdtPMqJO/elfYBstnwGjD2P0SJwAs02c84/1JKRemrjSKqSewg3ETFIpo43c6b0g9OtoWj47Wwpnka7A=="],

    "@oxc-minify/binding-linux-x64-musl": ["@oxc-minify/binding-linux-x64-musl@0.77.3", "", { "os": "linux", "cpu": "x64" }, "sha512-//A5mBFmxvV+JzqI2/94SFpEF+nev0I/urXwhYPe8qzCYTlnzwxodH0Yb6js+BgebqiPdYs6YEp5Q2C/6OgsbA=="],

    "@oxc-minify/binding-wasm32-wasi": ["@oxc-minify/binding-wasm32-wasi@0.77.3", "", { "dependencies": { "@napi-rs/wasm-runtime": "^1.0.0" }, "cpu": "none" }, "sha512-4RCG1ZZyEyKIaZE2vXyFnVocDF1jIbfE/f5qbb1l0Wql2s4K5m1QDkKqPAVPuCmYiJ6+X2HyWus5QGqgnUKrXA=="],

    "@oxc-minify/binding-win32-arm64-msvc": ["@oxc-minify/binding-win32-arm64-msvc@0.77.3", "", { "os": "win32", "cpu": "arm64" }, "sha512-ppyKF8Y3iASeIBnPDL0mwDxnlq/nnKFEZpZ9dy2hDma/JDD9qmOheP3CGYZyUnkS9r0LvEtrtR5/FjKXF2VQOw=="],

    "@oxc-minify/binding-win32-x64-msvc": ["@oxc-minify/binding-win32-x64-msvc@0.77.3", "", { "os": "win32", "cpu": "x64" }, "sha512-8IY7xgdZjBDFyQCF0s7EB7YzVB+C4+p8AKDbPfKLYhSlntIfIqTYvSXc3dZQb83OH6kDLAs1GpdWgb8ByDu4kg=="],

    "@oxc-resolver/binding-darwin-arm64": ["@oxc-resolver/binding-darwin-arm64@8.0.0", "", { "os": "darwin", "cpu": "arm64" }, "sha512-rfoeXQgvZREwcGJd6un2P5Ca+vK8kiHmE70CHB4gqGanGlwo6zS81IHHA1Jaw29KOZ6BayDkU0IhpMP0GI1Frg=="],

    "@oxc-resolver/binding-darwin-x64": ["@oxc-resolver/binding-darwin-x64@8.0.0", "", { "os": "darwin", "cpu": "x64" }, "sha512-RaeGUGem8xg12zJRw+hwozuTqGeMDw5+JsS+joe20lJrIsXJINFz1HJVhsK1BYc5CGUiOW6oqMEwgIYxkIgaPA=="],

    "@oxc-resolver/binding-freebsd-x64": ["@oxc-resolver/binding-freebsd-x64@8.0.0", "", { "os": "freebsd", "cpu": "x64" }, "sha512-LTTh5OgJvkhJInkgAwKuM7rBNjXFIQQSRc213hDGHTkTlYwWiV8Z3qVCzsOEECLs5Rr5NgaUIRuK3FBNglvGoA=="],

    "@oxc-resolver/binding-linux-arm-gnueabihf": ["@oxc-resolver/binding-linux-arm-gnueabihf@8.0.0", "", { "os": "linux", "cpu": "arm" }, "sha512-nwBhaGbh4Izc0/fMuG9F2vbKU0CDLBpl5bd6mqq8MFQy3bapmG4E+4MHiUpSjHNIzKicYcjdlD8MVXj116vrrg=="],

    "@oxc-resolver/binding-linux-arm64-gnu": ["@oxc-resolver/binding-linux-arm64-gnu@8.0.0", "", { "os": "linux", "cpu": "arm64" }, "sha512-a8TVuLSWt79NK7Svz/I1COCoJxAaFW8LxbuhBoIkTJMiqR1cI0ZRwBlk9jArsvgyW93+z2OyOTXeh+qUtEE+PA=="],

    "@oxc-resolver/binding-linux-arm64-musl": ["@oxc-resolver/binding-linux-arm64-musl@8.0.0", "", { "os": "linux", "cpu": "arm64" }, "sha512-Qitm6+dvYVpdiZxO4ICPXbFuBIvW9h5JxHt6zV2wlDtU2fGVn4zAQBPA43eFEvTQh4T3iemeWqqSQ7DYfFZjpw=="],

    "@oxc-resolver/binding-linux-riscv64-gnu": ["@oxc-resolver/binding-linux-riscv64-gnu@8.0.0", "", { "os": "linux", "cpu": "none" }, "sha512-RU26a4fKom41ZfnU9AsfvA199F6dcxKxeQL/fMG/61q7E50AUk/JLPegR+P0OM69GCkBmcBBaVluzfhE4cYs9w=="],

    "@oxc-resolver/binding-linux-s390x-gnu": ["@oxc-resolver/binding-linux-s390x-gnu@8.0.0", "", { "os": "linux", "cpu": "s390x" }, "sha512-jV81rg2jh5a1TK1M8acDwaRnCFbMkJn3iiGVESzRAKZ4tTuVYTPkMtdgAQvummO1naUE2LRZxh8dA4v+gOkdYQ=="],

    "@oxc-resolver/binding-linux-x64-gnu": ["@oxc-resolver/binding-linux-x64-gnu@8.0.0", "", { "os": "linux", "cpu": "x64" }, "sha512-Dv1kxSarwtUD90EW8yQDLX4vSZme7CgMcf19PYYBMRujF5D96GOL76w53kblGHsJ+E3CRSvCXoRvsoPIi1MhDg=="],

    "@oxc-resolver/binding-linux-x64-musl": ["@oxc-resolver/binding-linux-x64-musl@8.0.0", "", { "os": "linux", "cpu": "x64" }, "sha512-mLT1udjMfYKIoLgmvGWHingJn4bR9Yt9SodGpaKnFFCMs01timy4avmSyj75JDoyCnDiAmkAfBS1etlcz9XX8A=="],

    "@oxc-resolver/binding-wasm32-wasi": ["@oxc-resolver/binding-wasm32-wasi@8.0.0", "", { "dependencies": { "@napi-rs/wasm-runtime": "^0.2.9" }, "cpu": "none" }, "sha512-XRlYXYdNyZ4GEBfmrkXimBp2q5KuhccrQKq2epFe6Wif/5gx2TDItFtYSkEezrxMq6jdAIgEj6R5PjUNzqQxtQ=="],

    "@oxc-resolver/binding-win32-arm64-msvc": ["@oxc-resolver/binding-win32-arm64-msvc@8.0.0", "", { "os": "win32", "cpu": "arm64" }, "sha512-ZFWMIKI6fn/LLZtX3TsivSuQ4LkBIBfMRNpH3zImDi43S4hAsxzfK9uVjWUeaI4+22TbqIIP363ILgfKzhZ9Lg=="],

    "@oxc-resolver/binding-win32-x64-msvc": ["@oxc-resolver/binding-win32-x64-msvc@8.0.0", "", { "os": "win32", "cpu": "x64" }, "sha512-gbDIXWHtgfQUlCFUh7e7j8hhvtYNGSy9qOwGzJXBgWSCLuHmH2B5PRc4i2UJbYChSGD2H+4A38JnJxLb2/rs6w=="],

    "@oxc-transform/binding-darwin-arm64": ["@oxc-transform/binding-darwin-arm64@0.67.0", "", { "os": "darwin", "cpu": "arm64" }, "sha512-P3zBMhpOQceNSys3/ZqvrjuRvcIbVzfGFN/tH34HlVkOjOmfGK1mOWjORsGAZtbgh1muXrF6mQETLzFjfYndXQ=="],

    "@oxc-transform/binding-darwin-x64": ["@oxc-transform/binding-darwin-x64@0.67.0", "", { "os": "darwin", "cpu": "x64" }, "sha512-B52aeo/C3spYHcwFQ4nAbDkwbMKf0K6ncWM8GrVUgGu8PPECLBhjPCW11kPW/lt9FxwrdgVYVzPYlZ6wmJmpEA=="],

    "@oxc-transform/binding-linux-arm-gnueabihf": ["@oxc-transform/binding-linux-arm-gnueabihf@0.67.0", "", { "os": "linux", "cpu": "arm" }, "sha512-5Ir1eQrC9lvj/rR1TJVGwOR4yLgXTLmfKHIfpVH7GGSQrzK7VMUfHWX+dAsX1VutaeE8puXIqtYvf9cHLw78dw=="],

    "@oxc-transform/binding-linux-arm64-gnu": ["@oxc-transform/binding-linux-arm64-gnu@0.67.0", "", { "os": "linux", "cpu": "arm64" }, "sha512-zTqfPET5+hZfJ3/dMqJboKxrpXMXk+j2HVdvX0wVhW2MI7n7hwELl+In6Yu20nXuEyJkNQlWHbNPCUfpM+cBWw=="],

    "@oxc-transform/binding-linux-arm64-musl": ["@oxc-transform/binding-linux-arm64-musl@0.67.0", "", { "os": "linux", "cpu": "arm64" }, "sha512-jzz/ATUhZ8wetb4gm5GwzheZns3Qj1CZ+DIMmD8nBxQXszmTS/fqnAPpgzruyLqkXBUuUfF3pHv5f/UmuHReuQ=="],

    "@oxc-transform/binding-linux-x64-gnu": ["@oxc-transform/binding-linux-x64-gnu@0.67.0", "", { "os": "linux", "cpu": "x64" }, "sha512-Qy2+tfglJ8yX6guC1EDAnuuzRZIXciXO9UwOewxyiahLxwuTpj/wvvZN3Cb1SA3c14zrwb2TNMZvaXS1/OS5Pg=="],

    "@oxc-transform/binding-linux-x64-musl": ["@oxc-transform/binding-linux-x64-musl@0.67.0", "", { "os": "linux", "cpu": "x64" }, "sha512-tHoYgDIRhgvh+/wIrzAk3cUoj/LSSoJAdsZW9XRlaixFW/TF2puxRyaS1hRco0bcKTwotXl/eDYqZmhIfUyGRQ=="],

    "@oxc-transform/binding-wasm32-wasi": ["@oxc-transform/binding-wasm32-wasi@0.67.0", "", { "dependencies": { "@napi-rs/wasm-runtime": "^0.2.9" }, "cpu": "none" }, "sha512-ZPT+1HECf7WUnotodIuS8tvSkwaiCdC2DDw8HVRmlerbS6iPYIPKyBCvkSM4RyUx0kljZtB9AciLCkEbwy5/zA=="],

    "@oxc-transform/binding-win32-arm64-msvc": ["@oxc-transform/binding-win32-arm64-msvc@0.67.0", "", { "os": "win32", "cpu": "arm64" }, "sha512-+E3lOHCk4EuIk6IjshBAARknAUpgH+gHTtZxCPqK4AWYA+Tls2J6C0FVM48uZ4m3rZpAq8ZszM9JZVAkOaynBQ=="],

    "@oxc-transform/binding-win32-x64-msvc": ["@oxc-transform/binding-win32-x64-msvc@0.67.0", "", { "os": "win32", "cpu": "x64" }, "sha512-3pIIFb9g5aFrAODTQVJYitq+ONHgDJ4IYk/7pk+jsG6JpKUkURd0auUlxvriO11fFit5hdwy+wIbU4kBvyRUkg=="],

    "@repo/logger": ["@repo/logger@workspace:packages/logger"],

    "@rollup/rollup-android-arm-eabi": ["@rollup/rollup-android-arm-eabi@4.46.3", "", { "os": "android", "cpu": "arm" }, "sha512-UmTdvXnLlqQNOCJnyksjPs1G4GqXNGW1LrzCe8+8QoaLhhDeTXYBgJ3k6x61WIhlHX2U+VzEJ55TtIjR/HTySA=="],

    "@rollup/rollup-android-arm64": ["@rollup/rollup-android-arm64@4.46.3", "", { "os": "android", "cpu": "arm64" }, "sha512-8NoxqLpXm7VyeI0ocidh335D6OKT0UJ6fHdnIxf3+6oOerZZc+O7r+UhvROji6OspyPm+rrIdb1gTXtVIqn+Sg=="],

    "@rollup/rollup-darwin-arm64": ["@rollup/rollup-darwin-arm64@4.46.3", "", { "os": "darwin", "cpu": "arm64" }, "sha512-csnNavqZVs1+7/hUKtgjMECsNG2cdB8F7XBHP6FfQjqhjF8rzMzb3SLyy/1BG7YSfQ+bG75Ph7DyedbUqwq1rA=="],

    "@rollup/rollup-darwin-x64": ["@rollup/rollup-darwin-x64@4.46.3", "", { "os": "darwin", "cpu": "x64" }, "sha512-r2MXNjbuYabSIX5yQqnT8SGSQ26XQc8fmp6UhlYJd95PZJkQD1u82fWP7HqvGUf33IsOC6qsiV+vcuD4SDP6iw=="],

    "@rollup/rollup-freebsd-arm64": ["@rollup/rollup-freebsd-arm64@4.46.3", "", { "os": "freebsd", "cpu": "arm64" }, "sha512-uluObTmgPJDuJh9xqxyr7MV61Imq+0IvVsAlWyvxAaBSNzCcmZlhfYcRhCdMaCsy46ccZa7vtDDripgs9Jkqsw=="],

    "@rollup/rollup-freebsd-x64": ["@rollup/rollup-freebsd-x64@4.46.3", "", { "os": "freebsd", "cpu": "x64" }, "sha512-AVJXEq9RVHQnejdbFvh1eWEoobohUYN3nqJIPI4mNTMpsyYN01VvcAClxflyk2HIxvLpRcRggpX1m9hkXkpC/A=="],

    "@rollup/rollup-linux-arm-gnueabihf": ["@rollup/rollup-linux-arm-gnueabihf@4.46.3", "", { "os": "linux", "cpu": "arm" }, "sha512-byyflM+huiwHlKi7VHLAYTKr67X199+V+mt1iRgJenAI594vcmGGddWlu6eHujmcdl6TqSNnvqaXJqZdnEWRGA=="],

    "@rollup/rollup-linux-arm-musleabihf": ["@rollup/rollup-linux-arm-musleabihf@4.46.3", "", { "os": "linux", "cpu": "arm" }, "sha512-aLm3NMIjr4Y9LklrH5cu7yybBqoVCdr4Nvnm8WB7PKCn34fMCGypVNpGK0JQWdPAzR/FnoEoFtlRqZbBBLhVoQ=="],

    "@rollup/rollup-linux-arm64-gnu": ["@rollup/rollup-linux-arm64-gnu@4.46.3", "", { "os": "linux", "cpu": "arm64" }, "sha512-VtilE6eznJRDIoFOzaagQodUksTEfLIsvXymS+UdJiSXrPW7Ai+WG4uapAc3F7Hgs791TwdGh4xyOzbuzIZrnw=="],

    "@rollup/rollup-linux-arm64-musl": ["@rollup/rollup-linux-arm64-musl@4.46.3", "", { "os": "linux", "cpu": "arm64" }, "sha512-dG3JuS6+cRAL0GQ925Vppafi0qwZnkHdPeuZIxIPXqkCLP02l7ka+OCyBoDEv8S+nKHxfjvjW4OZ7hTdHkx8/w=="],

    "@rollup/rollup-linux-loongarch64-gnu": ["@rollup/rollup-linux-loongarch64-gnu@4.46.3", "", { "os": "linux", "cpu": "none" }, "sha512-iU8DxnxEKJptf8Vcx4XvAUdpkZfaz0KWfRrnIRrOndL0SvzEte+MTM7nDH4A2Now4FvTZ01yFAgj6TX/mZl8hQ=="],

    "@rollup/rollup-linux-ppc64-gnu": ["@rollup/rollup-linux-ppc64-gnu@4.46.3", "", { "os": "linux", "cpu": "ppc64" }, "sha512-VrQZp9tkk0yozJoQvQcqlWiqaPnLM6uY1qPYXvukKePb0fqaiQtOdMJSxNFUZFsGw5oA5vvVokjHrx8a9Qsz2A=="],

    "@rollup/rollup-linux-riscv64-gnu": ["@rollup/rollup-linux-riscv64-gnu@4.46.3", "", { "os": "linux", "cpu": "none" }, "sha512-uf2eucWSUb+M7b0poZ/08LsbcRgaDYL8NCGjUeFMwCWFwOuFcZ8D9ayPl25P3pl+D2FH45EbHdfyUesQ2Lt9wA=="],

    "@rollup/rollup-linux-riscv64-musl": ["@rollup/rollup-linux-riscv64-musl@4.46.3", "", { "os": "linux", "cpu": "none" }, "sha512-7tnUcDvN8DHm/9ra+/nF7lLzYHDeODKKKrh6JmZejbh1FnCNZS8zMkZY5J4sEipy2OW1d1Ncc4gNHUd0DLqkSg=="],

    "@rollup/rollup-linux-s390x-gnu": ["@rollup/rollup-linux-s390x-gnu@4.46.3", "", { "os": "linux", "cpu": "s390x" }, "sha512-MUpAOallJim8CsJK+4Lc9tQzlfPbHxWDrGXZm2z6biaadNpvh3a5ewcdat478W+tXDoUiHwErX/dOql7ETcLqg=="],

    "@rollup/rollup-linux-x64-gnu": ["@rollup/rollup-linux-x64-gnu@4.46.3", "", { "os": "linux", "cpu": "x64" }, "sha512-F42IgZI4JicE2vM2PWCe0N5mR5vR0gIdORPqhGQ32/u1S1v3kLtbZ0C/mi9FFk7C5T0PgdeyWEPajPjaUpyoKg=="],

    "@rollup/rollup-linux-x64-musl": ["@rollup/rollup-linux-x64-musl@4.46.3", "", { "os": "linux", "cpu": "x64" }, "sha512-oLc+JrwwvbimJUInzx56Q3ujL3Kkhxehg7O1gWAYzm8hImCd5ld1F2Gry5YDjR21MNb5WCKhC9hXgU7rRlyegQ=="],

    "@rollup/rollup-win32-arm64-msvc": ["@rollup/rollup-win32-arm64-msvc@4.46.3", "", { "os": "win32", "cpu": "arm64" }, "sha512-lOrQ+BVRstruD1fkWg9yjmumhowR0oLAAzavB7yFSaGltY8klttmZtCLvOXCmGE9mLIn8IBV/IFrQOWz5xbFPg=="],

    "@rollup/rollup-win32-ia32-msvc": ["@rollup/rollup-win32-ia32-msvc@4.46.3", "", { "os": "win32", "cpu": "ia32" }, "sha512-vvrVKPRS4GduGR7VMH8EylCBqsDcw6U+/0nPDuIjXQRbHJc6xOBj+frx8ksfZAh6+Fptw5wHrN7etlMmQnPQVg=="],

    "@rollup/rollup-win32-x64-msvc": ["@rollup/rollup-win32-x64-msvc@4.46.3", "", { "os": "win32", "cpu": "x64" }, "sha512-fi3cPxCnu3ZeM3EwKZPgXbWoGzm2XHgB/WShKI81uj8wG0+laobmqy5wbgEwzstlbLu4MyO8C19FyhhWseYKNQ=="],

    "@sveltejs/acorn-typescript": ["@sveltejs/acorn-typescript@1.0.5", "", { "peerDependencies": { "acorn": "^8.9.0" } }, "sha512-IwQk4yfwLdibDlrXVE04jTZYlLnwsTT2PIOQQGNLWfjavGifnk1JD1LcZjZaBTRcxZu2FfPfNLOE04DSu9lqtQ=="],

    "@tybys/wasm-util": ["@tybys/wasm-util@0.10.0", "", { "dependencies": { "tslib": "^2.4.0" } }, "sha512-VyyPYFlOMNylG45GoAe0xDoLwWuowvf92F9kySqzYh8vmYm7D2u4iUJKa1tOUpS70Ku13ASrOkS4ScXFsTaCNQ=="],

    "@types/bun": ["@types/bun@1.2.20", "", { "dependencies": { "bun-types": "1.2.20" } }, "sha512-dX3RGzQ8+KgmMw7CsW4xT5ITBSCrSbfHc36SNT31EOUg/LA9JWq0VDdEXDRSe1InVWpd2yLUM1FUF/kEOyTzYA=="],

    "@types/estree": ["@types/estree@1.0.8", "", {}, "sha512-dWHzHa2WqEXI/O1E9OjrocMTKJl2mSrEolh1Iomrv6U+JuNwaHXsXx9bLu5gG7BUWFIN0skIQJQ/L1rIex4X6w=="],

    "@types/node": ["@types/node@24.3.0", "", { "dependencies": { "undici-types": "~7.10.0" } }, "sha512-aPTXCrfwnDLj4VvXrm+UUCQjNEvJgNA8s5F1cvwQU+3KNltTOkBm1j30uNLyqqPNe7gE3KFzImYoZEfLhp4Yow=="],

    "@types/react": ["@types/react@19.1.10", "", { "dependencies": { "csstype": "^3.0.2" } }, "sha512-EhBeSYX0Y6ye8pNebpKrwFJq7BoQ8J5SO6NlvNwwHjSj6adXJViPQrKlsyPw7hLBLvckEMO1yxeGdR82YBBlDg=="],

    "acorn": ["acorn@8.15.0", "", { "bin": { "acorn": "bin/acorn" } }, "sha512-NZyJarBfL7nWwIq+FDL6Zp/yHEhePMNnnJ0y3qfieCrmNvYct8uvtiV41UvlSe6apAfk0fY1FbWx+NwfmpvtTg=="],

    "api": ["api@workspace:apps/api"],

    "aria-query": ["aria-query@5.3.2", "", {}, "sha512-COROpnaoap1E2F000S62r6A60uHZnmlvomhfyT2DlTcrY1OrBKn2UhH7qn5wTC9zMvD0AY7csdPSNwKP+7WiQw=="],

    "atomic-sleep": ["atomic-sleep@1.0.0", "", {}, "sha512-kNOjDqAh7px0XWNI+4QbzoiR/nTkHAWNud2uvnJquD1/x5a7EQZMJT0AczqK0Qn67oY/TTQ1LbUKajZpp3I9tQ=="],

    "axobject-query": ["axobject-query@4.1.0", "", {}, "sha512-qIj0G9wZbMGNLjLmg1PT6v2mE9AH2zlnADJD/2tC6E00hgmhUOfEB6greHPAfLRSufHqROIUTkw6E+M3lH0PTQ=="],

    "balanced-match": ["balanced-match@1.0.2", "", {}, "sha512-3oSeUO0TMV67hN1AmbXsK4yaqU7tjiHlbxRDZOpH0KW9+CeX4bRAaX0Anxt0tx2MrpRpWwQaPwIlISEJhYU5Pw=="],

    "brace-expansion": ["brace-expansion@2.0.2", "", { "dependencies": { "balanced-match": "^1.0.0" } }, "sha512-Jt0vHyM+jmUBqojB7E1NIYadt0vI0Qxjxd2TErW94wDz+E2LAm5vKMXXwg6ZZBTHPuUlDgQHKXvjGBdfcF1ZDQ=="],

    "bun-types": ["bun-types@1.2.20", "", { "dependencies": { "@types/node": "*" }, "peerDependencies": { "@types/react": "^19" } }, "sha512-pxTnQYOrKvdOwyiyd/7sMt9yFOenN004Y6O4lCcCUoKVej48FS5cvTw9geRaEcB9TsDZaJKAxPTVvi8tFsVuXA=="],

    "bunup": ["bunup@0.9.3", "", { "dependencies": { "chokidar": "^4.0.3", "coffi": "^0.1.31", "fast-deep-equal": "^3.1.3", "picocolors": "^1.1.1", "tinyexec": "^1.0.1", "tree-kill": "^1.2.2", "typeroll": "^0.6.22" }, "peerDependencies": { "lightningcss": ">=1.17.0", "typescript": ">=4.5.0" }, "optionalPeers": ["lightningcss", "typescript"], "bin": { "bunup": "dist/cli/index.js" } }, "sha512-cGQpchEaIynhSjE5t1fqQbReKwpS39Osu5loZ5OXbUcYoA3k2DI9PmHFtHbeykFIx32+eNKoc0bAGpMwhofE/w=="],

    "chokidar": ["chokidar@4.0.3", "", { "dependencies": { "readdirp": "^4.0.1" } }, "sha512-Qgzu8kfBvo+cA4962jnP1KkS6Dop5NS6g7R5LFYJr4b8Ub94PPQXUksCw9PvXoeXPRRddRNC5C1JQUR2SMGtnA=="],

    "clsx": ["clsx@2.1.1", "", {}, "sha512-eYm0QWBtUrBWZWG0d386OGAw16Z995PiOVo2B7bjWSbHedGl5e0ZWaq65kOGgUSNesEIDkB9ISbTg/JK9dhCZA=="],

    "coffi": ["coffi@0.1.31", "", { "dependencies": { "strip-json-comments": "^5.0.1" } }, "sha512-P+VkRnJpZV2kTwUihHR3EFzx+ij19a9HeJgWQyAX8TjH1byKbMIpFlMawZOJauMq5CNb1zkVleOh8oaoRNQrvQ=="],

    "colorette": ["colorette@2.0.20", "", {}, "sha512-IfEDxwoWIjkeXL1eXcDiow4UbKjhLdq6/EuSVR9GMN7KVH3r9gQ83e73hsz1Nd1T3ijd5xv1wcWRYO+D6kCI2w=="],

    "csstype": ["csstype@3.1.3", "", {}, "sha512-M1uQkMl8rQK/szD0LNhtqxIPLpimGm8sOBwU7lLnCpSbTyY3yeU1Vc7l4KT5zT4s/yOxHH5O7tIuuLOCnLADRw=="],

    "dateformat": ["dateformat@4.6.3", "", {}, "sha512-2P0p0pFGzHS5EMnhdxQi7aJN+iMheud0UhG4dlE1DLAlvL8JHjJJTX/CSm4JXwV0Ka5nGk3zC5mcb5bUQUxxMA=="],

    "defu": ["defu@6.1.4", "", {}, "sha512-mEQCMmwJu317oSz8CwdIOdwf3xMif1ttiM8LTufzc3g6kR+9Pe236twL8j3IYT1F7GfRgGcW6MWxzZjLIkuHIg=="],

    "end-of-stream": ["end-of-stream@1.4.5", "", { "dependencies": { "once": "^1.4.0" } }, "sha512-ooEGc6HP26xXq/N+GCGOT0JKCLDGrq2bQUZrQ7gyrJiZANJ/8YDTxTpQBXGMn+WbIQXNVpyWymm7KYVICQnyOg=="],

    "esbuild": ["esbuild@0.25.9", "", { "optionalDependencies": { "@esbuild/aix-ppc64": "0.25.9", "@esbuild/android-arm": "0.25.9", "@esbuild/android-arm64": "0.25.9", "@esbuild/android-x64": "0.25.9", "@esbuild/darwin-arm64": "0.25.9", "@esbuild/darwin-x64": "0.25.9", "@esbuild/freebsd-arm64": "0.25.9", "@esbuild/freebsd-x64": "0.25.9", "@esbuild/linux-arm": "0.25.9", "@esbuild/linux-arm64": "0.25.9", "@esbuild/linux-ia32": "0.25.9", "@esbuild/linux-loong64": "0.25.9", "@esbuild/linux-mips64el": "0.25.9", "@esbuild/linux-ppc64": "0.25.9", "@esbuild/linux-riscv64": "0.25.9", "@esbuild/linux-s390x": "0.25.9", "@esbuild/linux-x64": "0.25.9", "@esbuild/netbsd-arm64": "0.25.9", "@esbuild/netbsd-x64": "0.25.9", "@esbuild/openbsd-arm64": "0.25.9", "@esbuild/openbsd-x64": "0.25.9", "@esbuild/openharmony-arm64": "0.25.9", "@esbuild/sunos-x64": "0.25.9", "@esbuild/win32-arm64": "0.25.9", "@esbuild/win32-ia32": "0.25.9", "@esbuild/win32-x64": "0.25.9" }, "bin": { "esbuild": "bin/esbuild" } }, "sha512-CRbODhYyQx3qp7ZEwzxOk4JBqmD/seJrzPa/cGjY1VtIn5E09Oi9/dB4JwctnfZ8Q8iT7rioVv5k/FNT/uf54g=="],

    "esm-env": ["esm-env@1.2.2", "", {}, "sha512-Epxrv+Nr/CaL4ZcFGPJIYLWFom+YeV1DqMLHJoEd9SYRxNbaFruBwfEX/kkHUJf55j2+TUbmDcmuilbP1TmXHA=="],

    "esrap": ["esrap@2.1.0", "", { "dependencies": { "@jridgewell/sourcemap-codec": "^1.4.15" } }, "sha512-yzmPNpl7TBbMRC5Lj2JlJZNPml0tzqoqP5B1JXycNUwtqma9AKCO0M2wHrdgsHcy1WRW7S9rJknAMtByg3usgA=="],

    "fast-copy": ["fast-copy@3.0.2", "", {}, "sha512-dl0O9Vhju8IrcLndv2eU4ldt1ftXMqqfgN4H1cpmGV7P6jeB9FwpN9a2c8DPGE1Ys88rNUJVYDHq73CGAGOPfQ=="],

    "fast-deep-equal": ["fast-deep-equal@3.1.3", "", {}, "sha512-f3qQ9oQy9j2AhBe/H9VC91wLmKBCCU/gDOnKNAYG5hswO7BLKj09Hc5HYNz9cGI++xlpDCIgDaitVs03ATR84Q=="],

    "fast-redact": ["fast-redact@3.5.0", "", {}, "sha512-dwsoQlS7h9hMeYUq1W++23NDcBLV4KqONnITDV9DjfS3q1SgDGVrBdvvTLUotWtPSD7asWDV9/CmsZPy8Hf70A=="],

    "fast-safe-stringify": ["fast-safe-stringify@2.1.1", "", {}, "sha512-W+KJc2dmILlPplD/H4K9l9LcAHAfPtP6BY84uVLXQ6Evcz9Lcg33Y2z1IVblT6xdY54PXYVHEv+0Wpq8Io6zkA=="],

    "fdir": ["fdir@6.5.0", "", { "peerDependencies": { "picomatch": "^3 || ^4" }, "optionalPeers": ["picomatch"] }, "sha512-tIbYtZbucOs0BRGqPJkshJUYdL+SDH7dVM8gjy+ERp3WAUjLEFJE+02kanyHtwjWOnwrKYBiwAmM0p4kLJAnXg=="],

    "fsevents": ["fsevents@2.3.3", "", { "os": "darwin" }, "sha512-5xoDfX+fL7faATnagmWPpbFtwh/R77WmMMqqHGS65C3vvB0YHrgF+B1YmZ3441tMj5n63k0212XNoJwzlhffQw=="],

    "help-me": ["help-me@5.0.0", "", {}, "sha512-7xgomUX6ADmcYzFik0HzAxh/73YlKR9bmFzf51CZwR+b6YtzU2m0u49hQCqV6SvlqIqsaxovfwdvbnsw3b/zpg=="],

    "hono": ["hono@4.9.2", "", {}, "sha512-UG2jXGS/gkLH42l/1uROnwXpkjvvxkl3kpopL3LBo27NuaDPI6xHNfuUSilIHcrBkPfl4y0z6y2ByI455TjNRw=="],

    "hono-pino": ["hono-pino@0.10.2", "", { "dependencies": { "defu": "^6.1.4" }, "peerDependencies": { "hono": ">=4.0.0", "pino": ">=7.1.0" } }, "sha512-h8h4jODUoWdY7n7J1GsOO5Szpf0KH0+bdh8inJVTFrud/R/cxNjKty/pEaJIYSY9+enP0dfAiY+gjXTEFkARYg=="],

    "is-reference": ["is-reference@3.0.3", "", { "dependencies": { "@types/estree": "^1.0.6" } }, "sha512-ixkJoqQvAP88E6wLydLGGqCJsrFUnqoH6HnaczB8XmDH1oaWU+xxdptvikTgaEhtZ53Ky6YXiBuUI2WXLMCwjw=="],

    "joycon": ["joycon@3.1.1", "", {}, "sha512-34wB/Y7MW7bzjKRjUKTa46I2Z7eV62Rkhva+KkopW7Qvv/OSWBqvkSY7vusOPrNuZcUG3tApvdVgNB8POj3SPw=="],

    "locate-character": ["locate-character@3.0.0", "", {}, "sha512-SW13ws7BjaeJ6p7Q6CO2nchbYEc3X3J6WrmTTDto7yMPqVSZTUyY5Tjbid+Ab8gLnATtygYtiDIJGQRRn2ZOiA=="],

    "magic-string": ["magic-string@0.30.17", "", { "dependencies": { "@jridgewell/sourcemap-codec": "^1.5.0" } }, "sha512-sNPKHvyjVf7gyjwS4xGTaW/mCnF8wnjtifKBEhxfZ7E/S8tQ0rssrwGNn6q8JH/ohItJfSQp9mBtQYuTlH5QnA=="],

    "minimatch": ["minimatch@9.0.5", "", { "dependencies": { "brace-expansion": "^2.0.1" } }, "sha512-G6T0ZX48xgozx7587koeX9Ys2NYy6Gmv//P89sEte9V9whIapMNF4idKxnW2QtCcLiTWlb/wfCabAtAFWhhBow=="],

    "minimist": ["minimist@1.2.8", "", {}, "sha512-2yyAR8qBkN3YuheJanUpWC5U3bb5osDywNB8RzDVlDwDHbocAJveqqj1u8+SVD7jkWT4yvsHCpWqqWqAxb0zCA=="],

    "nanoid": ["nanoid@3.3.11", "", { "bin": { "nanoid": "bin/nanoid.cjs" } }, "sha512-N8SpfPUnUp1bK+PMYW8qSWdl9U+wwNWI4QKxOYDy9JAro3WMX7p2OeVRF9v+347pnakNevPmiHhNmZ2HbFA76w=="],

    "on-exit-leak-free": ["on-exit-leak-free@2.1.2", "", {}, "sha512-0eJJY6hXLGf1udHwfNftBqH+g73EU4B504nZeKpz1sYRKafAghwxEJunB2O7rDZkL4PGfsMVnTXZ2EjibbqcsA=="],

    "once": ["once@1.4.0", "", { "dependencies": { "wrappy": "1" } }, "sha512-lNaJgI+2Q5URQBkccEKHTQOPaXdUxnZZElQTZY0MFUAuaEqe1E+Nyvgdz/aIyNi6Z9MzO5dv1H8n58/GELp3+w=="],

    "oxc-minify": ["oxc-minify@0.77.3", "", { "optionalDependencies": { "@oxc-minify/binding-android-arm64": "0.77.3", "@oxc-minify/binding-darwin-arm64": "0.77.3", "@oxc-minify/binding-darwin-x64": "0.77.3", "@oxc-minify/binding-freebsd-x64": "0.77.3", "@oxc-minify/binding-linux-arm-gnueabihf": "0.77.3", "@oxc-minify/binding-linux-arm-musleabihf": "0.77.3", "@oxc-minify/binding-linux-arm64-gnu": "0.77.3", "@oxc-minify/binding-linux-arm64-musl": "0.77.3", "@oxc-minify/binding-linux-riscv64-gnu": "0.77.3", "@oxc-minify/binding-linux-s390x-gnu": "0.77.3", "@oxc-minify/binding-linux-x64-gnu": "0.77.3", "@oxc-minify/binding-linux-x64-musl": "0.77.3", "@oxc-minify/binding-wasm32-wasi": "0.77.3", "@oxc-minify/binding-win32-arm64-msvc": "0.77.3", "@oxc-minify/binding-win32-x64-msvc": "0.77.3" } }, "sha512-fYCSYazHno31eATVyHNyP2MEEMrVLaKVglac7bIoJC/qlb3x+Vqhv4eUViseOkoGM46rb9k8ZdDwhsEMtFUQhA=="],

    "oxc-resolver": ["oxc-resolver@8.0.0", "", { "optionalDependencies": { "@oxc-resolver/binding-darwin-arm64": "8.0.0", "@oxc-resolver/binding-darwin-x64": "8.0.0", "@oxc-resolver/binding-freebsd-x64": "8.0.0", "@oxc-resolver/binding-linux-arm-gnueabihf": "8.0.0", "@oxc-resolver/binding-linux-arm64-gnu": "8.0.0", "@oxc-resolver/binding-linux-arm64-musl": "8.0.0", "@oxc-resolver/binding-linux-riscv64-gnu": "8.0.0", "@oxc-resolver/binding-linux-s390x-gnu": "8.0.0", "@oxc-resolver/binding-linux-x64-gnu": "8.0.0", "@oxc-resolver/binding-linux-x64-musl": "8.0.0", "@oxc-resolver/binding-wasm32-wasi": "8.0.0", "@oxc-resolver/binding-win32-arm64-msvc": "8.0.0", "@oxc-resolver/binding-win32-x64-msvc": "8.0.0" } }, "sha512-qY7JxZ9FPL1n4hcLi5y8JVKVLRUbFLw9PZ0zsK/xdIHJpJOu4DLEGXepyNjPtnTY+WDAj75LR+JjbDHj0sqlBA=="],

    "oxc-transform": ["oxc-transform@0.67.0", "", { "optionalDependencies": { "@oxc-transform/binding-darwin-arm64": "0.67.0", "@oxc-transform/binding-darwin-x64": "0.67.0", "@oxc-transform/binding-linux-arm-gnueabihf": "0.67.0", "@oxc-transform/binding-linux-arm64-gnu": "0.67.0", "@oxc-transform/binding-linux-arm64-musl": "0.67.0", "@oxc-transform/binding-linux-x64-gnu": "0.67.0", "@oxc-transform/binding-linux-x64-musl": "0.67.0", "@oxc-transform/binding-wasm32-wasi": "0.67.0", "@oxc-transform/binding-win32-arm64-msvc": "0.67.0", "@oxc-transform/binding-win32-x64-msvc": "0.67.0" } }, "sha512-QXwmpLfNrXZoHgIjEtDEf6lhwmvHouNtstNgg/UveczVIjo8VSzd5h25Ea96PoX9KzReJUY/qYa4QSNkJpZGfA=="],

    "picocolors": ["picocolors@1.1.1", "", {}, "sha512-xceH2snhtb5M9liqDsmEw56le376mTZkEX/jEb/RxNFyegNul7eNslCXP9FDj/Lcu0X8KEyMceP2ntpaHrDEVA=="],

    "picomatch": ["picomatch@4.0.3", "", {}, "sha512-5gTmgEY/sqK6gFXLIsQNH19lWb4ebPDLA4SdLP7dsWkIXHWlG66oPuVvXSGFPppYZz8ZDZq0dYYrbHfBCVUb1Q=="],

    "pino": ["pino@9.9.0", "", { "dependencies": { "atomic-sleep": "^1.0.0", "fast-redact": "^3.1.1", "on-exit-leak-free": "^2.1.0", "pino-abstract-transport": "^2.0.0", "pino-std-serializers": "^7.0.0", "process-warning": "^5.0.0", "quick-format-unescaped": "^4.0.3", "real-require": "^0.2.0", "safe-stable-stringify": "^2.3.1", "sonic-boom": "^4.0.1", "thread-stream": "^3.0.0" }, "bin": { "pino": "bin.js" } }, "sha512-zxsRIQG9HzG+jEljmvmZupOMDUQ0Jpj0yAgE28jQvvrdYTlEaiGwelJpdndMl/MBuRr70heIj83QyqJUWaU8mQ=="],

    "pino-abstract-transport": ["pino-abstract-transport@2.0.0", "", { "dependencies": { "split2": "^4.0.0" } }, "sha512-F63x5tizV6WCh4R6RHyi2Ml+M70DNRXt/+HANowMflpgGFMAym/VKm6G7ZOQRjqN7XbGxK1Lg9t6ZrtzOaivMw=="],

    "pino-pretty": ["pino-pretty@13.1.1", "", { "dependencies": { "colorette": "^2.0.7", "dateformat": "^4.6.3", "fast-copy": "^3.0.2", "fast-safe-stringify": "^2.1.1", "help-me": "^5.0.0", "joycon": "^3.1.1", "minimist": "^1.2.6", "on-exit-leak-free": "^2.1.0", "pino-abstract-transport": "^2.0.0", "pump": "^3.0.0", "secure-json-parse": "^4.0.0", "sonic-boom": "^4.0.1", "strip-json-comments": "^5.0.2" }, "bin": { "pino-pretty": "bin.js" } }, "sha512-TNNEOg0eA0u+/WuqH0MH0Xui7uqVk9D74ESOpjtebSQYbNWJk/dIxCXIxFsNfeN53JmtWqYHP2OrIZjT/CBEnA=="],

    "pino-std-serializers": ["pino-std-serializers@7.0.0", "", {}, "sha512-e906FRY0+tV27iq4juKzSYPbUj2do2X2JX4EzSca1631EB2QJQUqGbDuERal7LCtOpxl6x3+nvo9NPZcmjkiFA=="],

    "postcss": ["postcss@8.5.6", "", { "dependencies": { "nanoid": "^3.3.11", "picocolors": "^1.1.1", "source-map-js": "^1.2.1" } }, "sha512-3Ybi1tAuwAP9s0r1UQ2J4n5Y0G05bJkpUIO0/bI9MhwmD70S5aTWbXGBwxHrelT+XM1k6dM0pk+SwNkpTRN7Pg=="],

    "prettier": ["prettier@3.6.2", "", { "bin": { "prettier": "bin/prettier.cjs" } }, "sha512-I7AIg5boAr5R0FFtJ6rCfD+LFsWHp81dolrFD8S79U9tb8Az2nGrJncnMSnys+bpQJfRUzqs9hnA81OAA3hCuQ=="],

    "prettier-plugin-svelte": ["prettier-plugin-svelte@3.4.0", "", { "peerDependencies": { "prettier": "^3.0.0", "svelte": "^3.2.0 || ^4.0.0-next.0 || ^5.0.0-next.0" } }, "sha512-pn1ra/0mPObzqoIQn/vUTR3ZZI6UuZ0sHqMK5x2jMLGrs53h0sXhkVuDcrlssHwIMk7FYrMjHBPoUSyyEEDlBQ=="],

    "prettier-plugin-tailwindcss": ["prettier-plugin-tailwindcss@0.6.14", "", { "peerDependencies": { "@ianvs/prettier-plugin-sort-imports": "*", "@prettier/plugin-hermes": "*", "@prettier/plugin-oxc": "*", "@prettier/plugin-pug": "*", "@shopify/prettier-plugin-liquid": "*", "@trivago/prettier-plugin-sort-imports": "*", "@zackad/prettier-plugin-twig": "*", "prettier": "^3.0", "prettier-plugin-astro": "*", "prettier-plugin-css-order": "*", "prettier-plugin-import-sort": "*", "prettier-plugin-jsdoc": "*", "prettier-plugin-marko": "*", "prettier-plugin-multiline-arrays": "*", "prettier-plugin-organize-attributes": "*", "prettier-plugin-organize-imports": "*", "prettier-plugin-sort-imports": "*", "prettier-plugin-style-order": "*", "prettier-plugin-svelte": "*" }, "optionalPeers": ["@ianvs/prettier-plugin-sort-imports", "@prettier/plugin-hermes", "@prettier/plugin-oxc", "@prettier/plugin-pug", "@shopify/prettier-plugin-liquid", "@trivago/prettier-plugin-sort-imports", "@zackad/prettier-plugin-twig", "prettier-plugin-astro", "prettier-plugin-css-order", "prettier-plugin-import-sort", "prettier-plugin-jsdoc", "prettier-plugin-marko", "prettier-plugin-multiline-arrays", "prettier-plugin-organize-attributes", "prettier-plugin-organize-imports", "prettier-plugin-sort-imports", "prettier-plugin-style-order", "prettier-plugin-svelte"] }, "sha512-pi2e/+ZygeIqntN+vC573BcW5Cve8zUB0SSAGxqpB4f96boZF4M3phPVoOFCeypwkpRYdi7+jQ5YJJUwrkGUAg=="],

    "process-warning": ["process-warning@5.0.0", "", {}, "sha512-a39t9ApHNx2L4+HBnQKqxxHNs1r7KF+Intd8Q/g1bUh6q0WIp9voPXJ/x0j+ZL45KF1pJd9+q2jLIRMfvEshkA=="],

    "pump": ["pump@3.0.3", "", { "dependencies": { "end-of-stream": "^1.1.0", "once": "^1.3.1" } }, "sha512-todwxLMY7/heScKmntwQG8CXVkWUOdYxIvY2s0VWAAMh/nd8SoYiRaKjlr7+iCs984f2P8zvrfWcDDYVb73NfA=="],

    "quick-format-unescaped": ["quick-format-unescaped@4.0.4", "", {}, "sha512-tYC1Q1hgyRuHgloV/YXs2w15unPVh8qfu/qCTfhTYamaw7fyhumKa2yGpdSo87vY32rIclj+4fWYQXUMs9EHvg=="],

    "readdirp": ["readdirp@4.1.2", "", {}, "sha512-GDhwkLfywWL2s6vEjyhri+eXmfH6j1L7JE27WhqLeYzoh/A3DBaYGEj2H/HFZCn/kMfim73FXxEJTw06WtxQwg=="],

    "real-require": ["real-require@0.2.0", "", {}, "sha512-57frrGM/OCTLqLOAh0mhVA9VBMHd+9U7Zb2THMGdBUoZVOtGbJzjxsYGDJ3A9AYYCP4hn6y1TVbaOfzWtm5GFg=="],

    "rollup": ["rollup@4.46.3", "", { "dependencies": { "@types/estree": "1.0.8" }, "optionalDependencies": { "@rollup/rollup-android-arm-eabi": "4.46.3", "@rollup/rollup-android-arm64": "4.46.3", "@rollup/rollup-darwin-arm64": "4.46.3", "@rollup/rollup-darwin-x64": "4.46.3", "@rollup/rollup-freebsd-arm64": "4.46.3", "@rollup/rollup-freebsd-x64": "4.46.3", "@rollup/rollup-linux-arm-gnueabihf": "4.46.3", "@rollup/rollup-linux-arm-musleabihf": "4.46.3", "@rollup/rollup-linux-arm64-gnu": "4.46.3", "@rollup/rollup-linux-arm64-musl": "4.46.3", "@rollup/rollup-linux-loongarch64-gnu": "4.46.3", "@rollup/rollup-linux-ppc64-gnu": "4.46.3", "@rollup/rollup-linux-riscv64-gnu": "4.46.3", "@rollup/rollup-linux-riscv64-musl": "4.46.3", "@rollup/rollup-linux-s390x-gnu": "4.46.3", "@rollup/rollup-linux-x64-gnu": "4.46.3", "@rollup/rollup-linux-x64-musl": "4.46.3", "@rollup/rollup-win32-arm64-msvc": "4.46.3", "@rollup/rollup-win32-ia32-msvc": "4.46.3", "@rollup/rollup-win32-x64-msvc": "4.46.3", "fsevents": "~2.3.2" }, "bin": { "rollup": "dist/bin/rollup" } }, "sha512-RZn2XTjXb8t5g13f5YclGoilU/kwT696DIkY3sywjdZidNSi3+vseaQov7D7BZXVJCPv3pDWUN69C78GGbXsKw=="],

    "safe-stable-stringify": ["safe-stable-stringify@2.5.0", "", {}, "sha512-b3rppTKm9T+PsVCBEOUR46GWI7fdOs00VKZ1+9c1EWDaDMvjQc6tUwuFyIprgGgTcWoVHSKrU8H31ZHA2e0RHA=="],

    "secure-json-parse": ["secure-json-parse@4.0.0", "", {}, "sha512-dxtLJO6sc35jWidmLxo7ij+Eg48PM/kleBsxpC8QJE0qJICe+KawkDQmvCMZUr9u7WKVHgMW6vy3fQ7zMiFZMA=="],

    "sonic-boom": ["sonic-boom@4.2.0", "", { "dependencies": { "atomic-sleep": "^1.0.0" } }, "sha512-INb7TM37/mAcsGmc9hyyI6+QR3rR1zVRu36B0NeGXKnOOLiZOfER5SA+N7X7k3yUYRzLWafduTDvJAfDswwEww=="],

    "source-map-js": ["source-map-js@1.2.1", "", {}, "sha512-UXWMKhLOwVKb728IUtQPXxfYU+usdybtUrK/8uGE8CQMvrhOpwvzDBwj0QhSL7MQc7vIsISBG8VQ8+IDQxpfQA=="],

    "split2": ["split2@4.2.0", "", {}, "sha512-UcjcJOWknrNkF6PLX83qcHM6KHgVKNkV62Y8a5uYDVv9ydGQVwAHMKqHdJje1VTWpljG0WYpCDhrCdAOYH4TWg=="],

    "std-env": ["std-env@3.9.0", "", {}, "sha512-UGvjygr6F6tpH7o2qyqR6QYpwraIjKSdtzyBdyytFOHmPZY917kwdwLG0RbOjWOnKmnm3PeHjaoLLMie7kPLQw=="],

    "strip-json-comments": ["strip-json-comments@5.0.3", "", {}, "sha512-1tB5mhVo7U+ETBKNf92xT4hrQa3pm0MZ0PQvuDnWgAAGHDsfp4lPSpiS6psrSiet87wyGPh9ft6wmhOMQ0hDiw=="],

    "svelte": ["svelte@5.38.1", "", { "dependencies": { "@jridgewell/remapping": "^2.3.4", "@jridgewell/sourcemap-codec": "^1.5.0", "@sveltejs/acorn-typescript": "^1.0.5", "@types/estree": "^1.0.5", "acorn": "^8.12.1", "aria-query": "^5.3.1", "axobject-query": "^4.1.0", "clsx": "^2.1.1", "esm-env": "^1.2.1", "esrap": "^2.1.0", "is-reference": "^3.0.3", "locate-character": "^3.0.0", "magic-string": "^0.30.11", "zimmerframe": "^1.1.2" } }, "sha512-fO6CLDfJYWHgfo6lQwkQU2vhCiHc2MBl6s3vEhK+sSZru17YL4R5s1v14ndRpqKAIkq8nCz6MTk1yZbESZWeyQ=="],

    "thread-stream": ["thread-stream@3.1.0", "", { "dependencies": { "real-require": "^0.2.0" } }, "sha512-OqyPZ9u96VohAyMfJykzmivOrY2wfMSf3C5TtFJVgN+Hm6aj+voFhlK+kZEIv2FBh1X6Xp3DlnCOfEQ3B2J86A=="],

    "tinyexec": ["tinyexec@1.0.1", "", {}, "sha512-5uC6DDlmeqiOwCPmK9jMSdOuZTh8bU39Ys6yidB+UTt5hfZUPGAypSgFRiEp+jbi9qH40BLDvy85jIU88wKSqw=="],

    "tinyglobby": ["tinyglobby@0.2.14", "", { "dependencies": { "fdir": "^6.4.4", "picomatch": "^4.0.2" } }, "sha512-tX5e7OM1HnYr2+a2C/4V0htOcSQcoSTH9KgJnVvNm5zm/cyEWKJ7j7YutsH9CxMdtOkkLFy2AHrMci9IM8IPZQ=="],

    "tree-kill": ["tree-kill@1.2.2", "", { "bin": { "tree-kill": "cli.js" } }, "sha512-L0Orpi8qGpRG//Nd+H90vFB+3iHnue1zSSGmNOOCh1GLJ7rUKVwV2HvijphGQS2UmhUZewS9VgvxYIdgr+fG1A=="],

    "ts-import-resolver": ["ts-import-resolver@0.1.23", "", { "peerDependencies": { "typescript": ">=4.5.0" }, "optionalPeers": ["typescript"] }, "sha512-282pgr6j6aOvP3P2I6XugDxdBobkpdMmdbWjRjGl5gjPI1p0+oTNGDh1t924t75kRlyIkF65DiwhSIUysmyHQA=="],

    "tslib": ["tslib@2.8.1", "", {}, "sha512-oJFu94HQb+KVduSUQL7wnpmqnfmLsOA/nAh6b6EH0wCEoK0/mPeXU6c3wKDV83MkOuHPRHtSXKKU99IBazS/2w=="],

    "turbo": ["turbo@2.5.6", "", { "optionalDependencies": { "turbo-darwin-64": "2.5.6", "turbo-darwin-arm64": "2.5.6", "turbo-linux-64": "2.5.6", "turbo-linux-arm64": "2.5.6", "turbo-windows-64": "2.5.6", "turbo-windows-arm64": "2.5.6" }, "bin": { "turbo": "bin/turbo" } }, "sha512-gxToHmi9oTBNB05UjUsrWf0OyN5ZXtD0apOarC1KIx232Vp3WimRNy3810QzeNSgyD5rsaIDXlxlbnOzlouo+w=="],

    "turbo-darwin-64": ["turbo-darwin-64@2.5.6", "", { "os": "darwin", "cpu": "x64" }, "sha512-3C1xEdo4aFwMJAPvtlPqz1Sw/+cddWIOmsalHFMrsqqydcptwBfu26WW2cDm3u93bUzMbBJ8k3zNKFqxJ9ei2A=="],

    "turbo-darwin-arm64": ["turbo-darwin-arm64@2.5.6", "", { "os": "darwin", "cpu": "arm64" }, "sha512-LyiG+rD7JhMfYwLqB6k3LZQtYn8CQQUePbpA8mF/hMLPAekXdJo1g0bUPw8RZLwQXUIU/3BU7tXENvhSGz5DPA=="],

    "turbo-linux-64": ["turbo-linux-64@2.5.6", "", { "os": "linux", "cpu": "x64" }, "sha512-GOcUTT0xiT/pSnHL4YD6Yr3HreUhU8pUcGqcI2ksIF9b2/r/kRHwGFcsHgpG3+vtZF/kwsP0MV8FTlTObxsYIA=="],

    "turbo-linux-arm64": ["turbo-linux-arm64@2.5.6", "", { "os": "linux", "cpu": "arm64" }, "sha512-10Tm15bruJEA3m0V7iZcnQBpObGBcOgUcO+sY7/2vk1bweW34LMhkWi8svjV9iDF68+KJDThnYDlYE/bc7/zzQ=="],

    "turbo-windows-64": ["turbo-windows-64@2.5.6", "", { "os": "win32", "cpu": "x64" }, "sha512-FyRsVpgaj76It0ludwZsNN40ytHN+17E4PFJyeliBEbxrGTc5BexlXVpufB7XlAaoaZVxbS6KT8RofLfDRyEPg=="],

    "turbo-windows-arm64": ["turbo-windows-arm64@2.5.6", "", { "os": "win32", "cpu": "arm64" }, "sha512-j/tWu8cMeQ7HPpKri6jvKtyXg9K1gRyhdK4tKrrchH8GNHscPX/F71zax58yYtLRWTiK04zNzPcUJuoS0+v/+Q=="],

    "typeroll": ["typeroll@0.6.22", "", { "dependencies": { "@babel/parser": "^7.28.0", "@babel/types": "^7.28.1", "coffi": "^0.1.31", "oxc-minify": "^0.77.2", "oxc-resolver": "^8.0.0", "oxc-transform": "^0.67.0", "picocolors": "^1.1.1", "std-env": "^3.9.0", "ts-import-resolver": "^0.1.23" }, "peerDependencies": { "typescript": ">=4.5.0" }, "optionalPeers": ["typescript"] }, "sha512-hn8VF1o9UB2SULDCCoRh9wiLxcUIsE5cytqJ09nMRNug0/zg8AzEtaN94vxmWVa/PVjntMQkmN8oEU+lbndhvA=="],

    "typescript": ["typescript@5.9.2", "", { "bin": { "tsc": "bin/tsc", "tsserver": "bin/tsserver" } }, "sha512-CWBzXQrc/qOkhidw1OzBTQuYRbfyxDXJMVJ1XNwUHGROVmuaeiEm3OslpZ1RV96d7SKKjZKrSJu3+t/xlw3R9A=="],

    "undici-types": ["undici-types@7.10.0", "", {}, "sha512-t5Fy/nfn+14LuOc2KNYg75vZqClpAiqscVvMygNnlsHBFpSXdJaYtXMcdNLpl/Qvc3P2cB3s6lOV51nqsFq4ag=="],

    "vite": ["vite@7.1.3", "", { "dependencies": { "esbuild": "^0.25.0", "fdir": "^6.5.0", "picomatch": "^4.0.3", "postcss": "^8.5.6", "rollup": "^4.43.0", "tinyglobby": "^0.2.14" }, "optionalDependencies": { "fsevents": "~2.3.3" }, "peerDependencies": { "@types/node": "^20.19.0 || >=22.12.0", "jiti": ">=1.21.0", "less": "^4.0.0", "lightningcss": "^1.21.0", "sass": "^1.70.0", "sass-embedded": "^1.70.0", "stylus": ">=0.54.8", "sugarss": "^5.0.0", "terser": "^5.16.0", "tsx": "^4.8.1", "yaml": "^2.4.2" }, "optionalPeers": ["@types/node", "jiti", "less", "lightningcss", "sass", "sass-embedded", "stylus", "sugarss", "terser", "tsx", "yaml"], "bin": { "vite": "bin/vite.js" } }, "sha512-OOUi5zjkDxYrKhTV3V7iKsoS37VUM7v40+HuwEmcrsf11Cdx9y3DIr2Px6liIcZFwt3XSRpQvFpL3WVy7ApkGw=="],

    "wrappy": ["wrappy@1.0.2", "", {}, "sha512-l4Sp/DRseor9wL6EvV2+TuQn63dMkPjZ/sp9XkghTEbV9KlPS1xUsZ3u7/IQO4wxtcFB4bgpQPRcR3QCvezPcQ=="],

    "zimmerframe": ["zimmerframe@1.1.2", "", {}, "sha512-rAbqEGa8ovJy4pyBxZM70hg4pE6gDgaQ0Sl9M3enG3I0d6H4XSAM3GeNGLKnsBpuijUow064sf7ww1nutC5/3w=="],

    "@oxc-resolver/binding-wasm32-wasi/@napi-rs/wasm-runtime": ["@napi-rs/wasm-runtime@0.2.12", "", { "dependencies": { "@emnapi/core": "^1.4.3", "@emnapi/runtime": "^1.4.3", "@tybys/wasm-util": "^0.10.0" } }, "sha512-ZVWUcfwY4E/yPitQJl481FjFo3K22D6qF0DuFH6Y/nbnE11GY5uguDxZMGXPQ8WQ0128MXQD7TnfHyK4oWoIJQ=="],

    "@oxc-transform/binding-wasm32-wasi/@napi-rs/wasm-runtime": ["@napi-rs/wasm-runtime@0.2.12", "", { "dependencies": { "@emnapi/core": "^1.4.3", "@emnapi/runtime": "^1.4.3", "@tybys/wasm-util": "^0.10.0" } }, "sha512-ZVWUcfwY4E/yPitQJl481FjFo3K22D6qF0DuFH6Y/nbnE11GY5uguDxZMGXPQ8WQ0128MXQD7TnfHyK4oWoIJQ=="],
  }
}
